
Microsoft Visual Studio Solution File, Format Version 12.00
# Visual Studio 15
VisualStudioVersion = 15.0.28307.489
MinimumVisualStudioVersion = 10.0.40219.1
Project("{FAE04EC0-301F-11D3-BF4B-00C04F79EFBC}") = "DBFirstExample3", "DBFirstExample3\DBFirstExample3.csproj", "{9BD98E24-6C3C-405A-ADA2-066032D62F3A}"
EndProject
Global
	GlobalSection(SolutionConfigurationPlatforms) = preSolution
		Debug|Any CPU = Debug|Any CPU
		Release|Any CPU = Release|Any CPU
	EndGlobalSection
	GlobalSection(ProjectConfigurationPlatforms) = postSolution
		{9BD98E24-6C3C-405A-ADA2-066032D62F3A}.Debug|Any CPU.ActiveCfg = Debug|Any CPU
		{9BD98E24-6C3C-405A-ADA2-066032D62F3A}.Debug|Any CPU.Build.0 = Debug|Any CPU
		{9BD98E24-6C3C-405A-ADA2-066032D62F3A}.Release|Any CPU.ActiveCfg = Release|Any CPU
		{9BD98E24-6C3C-405A-ADA2-066032D62F3A}.Release|Any CPU.Build.0 = Release|Any CPU
	EndGlobalSection
	GlobalSection(SolutionProperties) = preSolution
		HideSolutionNode = FALSE
	EndGlobalSection
	GlobalSection(ExtensibilityGlobals) = postSolution
		SolutionGuid = {DECA38A1-C527-49A8-BFAC-BF73D5F7C696}
	EndGlobalSection
EndGlobal
